
Microsoft Visual Studio Solution File, Format Version 12.00
# Visual Studio Version 17
VisualStudioVersion = 17.2.32630.192
MinimumVisualStudioVersion = 10.0.40219.1
Project("{9A19103F-16F7-4668-BE54-9A1E7A4F7556}") = "MillerTime.API", "MillerTime.API\MillerTime.API.csproj", "{159B8E76-B185-417B-9B18-EDF84E21B05A}"
EndProject
Project("{9A19103F-16F7-4668-BE54-9A1E7A4F7556}") = "MillerTime.Tests", "MillerTime.Tests\MillerTime.Tests.csproj", "{217287F2-7028-46A5-BB29-7E695C624D2B}"
EndProject
Project("{FAE04EC0-301F-11D3-BF4B-00C04F79EFBC}") = "MillerTime.DAL", "MillerTime.DAL\MillerTime.DAL.csproj", "{D947B091-5F42-449A-B777-ED32ED8DCDFB}"
EndProject
Global
	GlobalSection(SolutionConfigurationPlatforms) = preSolution
		Debug|Any CPU = Debug|Any CPU
		Release|Any CPU = Release|Any CPU
	EndGlobalSection
	GlobalSection(ProjectConfigurationPlatforms) = postSolution
		{159B8E76-B185-417B-9B18-EDF84E21B05A}.Debug|Any CPU.ActiveCfg = Debug|Any CPU
		{159B8E76-B185-417B-9B18-EDF84E21B05A}.Debug|Any CPU.Build.0 = Debug|Any CPU
		{159B8E76-B185-417B-9B18-EDF84E21B05A}.Release|Any CPU.ActiveCfg = Release|Any CPU
		{159B8E76-B185-417B-9B18-EDF84E21B05A}.Release|Any CPU.Build.0 = Release|Any CPU
		{217287F2-7028-46A5-BB29-7E695C624D2B}.Debug|Any CPU.ActiveCfg = Debug|Any CPU
		{217287F2-7028-46A5-BB29-7E695C624D2B}.Debug|Any CPU.Build.0 = Debug|Any CPU
		{217287F2-7028-46A5-BB29-7E695C624D2B}.Release|Any CPU.ActiveCfg = Release|Any CPU
		{217287F2-7028-46A5-BB29-7E695C624D2B}.Release|Any CPU.Build.0 = Release|Any CPU
		{D947B091-5F42-449A-B777-ED32ED8DCDFB}.Debug|Any CPU.ActiveCfg = Debug|Any CPU
		{D947B091-5F42-449A-B777-ED32ED8DCDFB}.Debug|Any CPU.Build.0 = Debug|Any CPU
		{D947B091-5F42-449A-B777-ED32ED8DCDFB}.Release|Any CPU.ActiveCfg = Release|Any CPU
		{D947B091-5F42-449A-B777-ED32ED8DCDFB}.Release|Any CPU.Build.0 = Release|Any CPU
	EndGlobalSection
	GlobalSection(SolutionProperties) = preSolution
		HideSolutionNode = FALSE
	EndGlobalSection
	GlobalSection(ExtensibilityGlobals) = postSolution
		SolutionGuid = {24BF3E9F-6AE5-4035-8745-138977771596}
	EndGlobalSection
EndGlobal
